dependencies:
- name: cert-manager
  repository: https://charts.jetstack.io
  version: v1.21.2
- name: trust-manager
  repository: https://charts.jetstack.io
  version: v0.24.0
digest: sha256:ac7d8ce040c40a0ee92a32a75857ad10349aece965ee7b5e01b6e7235c0dad04
generated: "2026-09-17T06:37:55.431369833Z"
