dependencies:
- name: cert-manager
  repository: https://charts.jetstack.io
  version: v1.21.1
- name: trust-manager
  repository: https://charts.jetstack.io
  version: v0.24.0
digest: sha256:a318ca544a76ed1c352d45a47df26b96d0aba19abbade25c153addc782540be1
generated: "2026-09-05T02:49:41.929266775Z"
