dependencies:
- name: cert-manager
  repository: https://charts.jetstack.io
  version: v1.21.0
- name: trust-manager
  repository: https://charts.jetstack.io
  version: v0.24.0
digest: sha256:87f064c41b0abe37e0fb448a31febbbeea92b1b646a002628ab9ea90d6739b0c
generated: "2026-07-24T01:19:43.396903731Z"
