dependencies:
- name: cert-manager
  repository: https://charts.jetstack.io
  version: v1.18.2
- name: trust-manager
  repository: https://charts.jetstack.io
  version: v0.20.1
digest: sha256:e10bc220f4b65929c9379271cb23f8b97252f1dc3185cf00c722a682dff824e3
generated: "2025-10-10T16:32:10.48677338Z"
