dependencies:
- name: cert-manager
  repository: https://charts.jetstack.io
  version: v1.19.4
- name: trust-manager
  repository: https://charts.jetstack.io
  version: v0.22.1
digest: sha256:8e0cdbe333ad26828ea09f17cc005bb6746ade4b50deb5c6029fdba1cc84b365
generated: "2026-04-24T17:48:16.737491899Z"
